
Microsoft Visual Studio Solution File, Format Version 12.00
# Visual Studio 15
Project("{FAE04EC0-301F-11D3-BF4B-00C04F79EFBC}") = "Assembly-CSharp", "Assembly-CSharp.csproj", "{D17E9110-4AAD-1E61-DA49-E419553A7E45}"
EndProject
Project("{FAE04EC0-301F-11D3-BF4B-00C04F79EFBC}") = "Assembly-CSharp-Editor", "Assembly-CSharp-Editor.csproj", "{75A01E95-3027-2BDB-D9E8-52EEA441D69E}"
EndProject
Global
	GlobalSection(SolutionConfigurationPlatforms) = preSolution
		Debug|Any CPU = Debug|Any CPU
		Release|Any CPU = Release|Any CPU
	EndGlobalSection
	GlobalSection(ProjectConfigurationPlatforms) = postSolution
		{D17E9110-4AAD-1E61-DA49-E419553A7E45}.Debug|Any CPU.ActiveCfg = Debug|Any CPU
		{D17E9110-4AAD-1E61-DA49-E419553A7E45}.Debug|Any CPU.Build.0 = Debug|Any CPU
		{D17E9110-4AAD-1E61-DA49-E419553A7E45}.Release|Any CPU.ActiveCfg = Release|Any CPU
		{D17E9110-4AAD-1E61-DA49-E419553A7E45}.Release|Any CPU.Build.0 = Release|Any CPU
		{75A01E95-3027-2BDB-D9E8-52EEA441D69E}.Debug|Any CPU.ActiveCfg = Debug|Any CPU
		{75A01E95-3027-2BDB-D9E8-52EEA441D69E}.Debug|Any CPU.Build.0 = Debug|Any CPU
		{75A01E95-3027-2BDB-D9E8-52EEA441D69E}.Release|Any CPU.ActiveCfg = Release|Any CPU
		{75A01E95-3027-2BDB-D9E8-52EEA441D69E}.Release|Any CPU.Build.0 = Release|Any CPU
	EndGlobalSection
	GlobalSection(SolutionProperties) = preSolution
		HideSolutionNode = FALSE
	EndGlobalSection
EndGlobal
